// !$*UTF8*$!
{
	archiveVersion = 1;
	classes = {
	};
	objectVersion = 77;
	objects = {

/* Begin PBXBuildFile section */
		A64CFE5A2D31565100D1C77B /* WeatherInfo.swift in Sources */ = {isa = PBXBuildFile; fileRef = A64CFE592D31565000D1C77B /* WeatherInfo.swift */; };
		A64CFE5C2D31566800D1C77B /* WeatherInfoMapper.swift in Sources */ = {isa = PBXBuildFile; fileRef = A64CFE5B2D31566700D1C77B /* WeatherInfoMapper.swift */; };
		A64CFE5F2D3156AE00D1C77B /* Constants.swift in Sources */ = {isa = PBXBuildFile; fileRef = A64CFE5D2D3156AE00D1C77B /* Constants.swift */; };
		A66A1DBA2D2FE65D0040E79A /* Preview Assets.xcassets in Resources */ = {isa = PBXBuildFile; fileRef = A66A1DB42D2FE65D0040E79A /* Preview Assets.xcassets */; };
		A66A1DBB2D2FE65D0040E79A /* Assets.xcassets in Resources */ = {isa = PBXBuildFile; fileRef = A66A1DB62D2FE65D0040E79A /* Assets.xcassets */; };
		A66A1DBD2D2FE65D0040E79A /* WeatherAppApp.swift in Sources */ = {isa = PBXBuildFile; fileRef = A66A1DB82D2FE65D0040E79A /* WeatherAppApp.swift */; };
		A66A1DBF2D2FE6670040E79A /* WeatherInfoView.swift in Sources */ = {isa = PBXBuildFile; fileRef = A66A1DBE2D2FE6640040E79A /* WeatherInfoView.swift */; };
		A66A1DC52D2FF4070040E79A /* Request.swift in Sources */ = {isa = PBXBuildFile; fileRef = A66A1DC32D2FF4070040E79A /* Request.swift */; };
		A66A1DC62D2FF4070040E79A /* Service.swift in Sources */ = {isa = PBXBuildFile; fileRef = A66A1DC22D2FF4070040E79A /* Service.swift */; };
		A66A1DCB2D2FF44C0040E79A /* WeatherInfoViewModel.swift in Sources */ = {isa = PBXBuildFile; fileRef = A66A1DCA2D2FF4460040E79A /* WeatherInfoViewModel.swift */; };
		A66A1DCD2D2FF4F70040E79A /* GetWeatherInfoResponse.swift in Sources */ = {isa = PBXBuildFile; fileRef = A66A1DCC2D2FF4F60040E79A /* GetWeatherInfoResponse.swift */; };
/* End PBXBuildFile section */

/* Begin PBXFileReference section */
		A64CFE592D31565000D1C77B /* WeatherInfo.swift */ = {isa = PBXFileReference; lastKnownFileType = sourcecode.swift; path = WeatherInfo.swift; sourceTree = "<group>"; };
		A64CFE5B2D31566700D1C77B /* WeatherInfoMapper.swift */ = {isa = PBXFileReference; lastKnownFileType = sourcecode.swift; path = WeatherInfoMapper.swift; sourceTree = "<group>"; };
		A64CFE5D2D3156AE00D1C77B /* Constants.swift */ = {isa = PBXFileReference; lastKnownFileType = sourcecode.swift; path = Constants.swift; sourceTree = "<group>"; };
		A66A1DA32D2FE0E30040E79A /* WeatherApp.app */ = {isa = PBXFileReference; explicitFileType = wrapper.application; includeInIndex = 0; path = WeatherApp.app; sourceTree = BUILT_PRODUCTS_DIR; };
		A66A1DB42D2FE65D0040E79A /* Preview Assets.xcassets */ = {isa = PBXFileReference; lastKnownFileType = folder.assetcatalog; path = "Preview Assets.xcassets"; sourceTree = "<group>"; };
		A66A1DB62D2FE65D0040E79A /* Assets.xcassets */ = {isa = PBXFileReference; lastKnownFileType = folder.assetcatalog; path = Assets.xcassets; sourceTree = "<group>"; };
		A66A1DB82D2FE65D0040E79A /* WeatherAppApp.swift */ = {isa = PBXFileReference; lastKnownFileType = sourcecode.swift; path = WeatherAppApp.swift; sourceTree = "<group>"; };
		A66A1DBE2D2FE6640040E79A /* WeatherInfoView.swift */ = {isa = PBXFileReference; lastKnownFileType = sourcecode.swift; path = WeatherInfoView.swift; sourceTree = "<group>"; };
		A66A1DC22D2FF4070040E79A /* Service.swift */ = {isa = PBXFileReference; lastKnownFileType = sourcecode.swift; path = Service.swift; sourceTree = "<group>"; };
		A66A1DC32D2FF4070040E79A /* Request.swift */ = {isa = PBXFileReference; lastKnownFileType = sourcecode.swift; path = Request.swift; sourceTree = "<group>"; };
		A66A1DCA2D2FF4460040E79A /* WeatherInfoViewModel.swift */ = {isa = PBXFileReference; lastKnownFileType = sourcecode.swift; path = WeatherInfoViewModel.swift; sourceTree = "<group>"; };
		A66A1DCC2D2FF4F60040E79A /* GetWeatherInfoResponse.swift */ = {isa = PBXFileReference; lastKnownFileType = sourcecode.swift; path = GetWeatherInfoResponse.swift; sourceTree = "<group>"; };
/* End PBXFileReference section */

/* Begin PBXFrameworksBuildPhase section */
		A66A1DA02D2FE0E30040E79A /* Frameworks */ = {
			isa = PBXFrameworksBuildPhase;
			buildActionMask = 2147483647;
			files = (
			);
			runOnlyForDeploymentPostprocessing = 0;
		};
/* End PBXFrameworksBuildPhase section */

/* Begin PBXGroup section */
		A64CFE5E2D3156AE00D1C77B /* Common */ = {
			isa = PBXGroup;
			children = (
				A64CFE5D2D3156AE00D1C77B /* Constants.swift */,
			);
			path = Common;
			sourceTree = "<group>";
		};
		A66A1D9A2D2FE0E30040E79A = {
			isa = PBXGroup;
			children = (
				A66A1DB92D2FE65D0040E79A /* WeatherApp */,
				A66A1DA42D2FE0E30040E79A /* Products */,
			);
			sourceTree = "<group>";
		};
		A66A1DA42D2FE0E30040E79A /* Products */ = {
			isa = PBXGroup;
			children = (
				A66A1DA32D2FE0E30040E79A /* WeatherApp.app */,
			);
			name = Products;
			sourceTree = "<group>";
		};
		A66A1DB52D2FE65D0040E79A /* Preview Content */ = {
			isa = PBXGroup;
			children = (
				A66A1DB42D2FE65D0040E79A /* Preview Assets.xcassets */,
			);
			path = "Preview Content";
			sourceTree = "<group>";
		};
		A66A1DB92D2FE65D0040E79A /* WeatherApp */ = {
			isa = PBXGroup;
			children = (
				A64CFE5E2D3156AE00D1C77B /* Common */,
				A64CFE5B2D31566700D1C77B /* WeatherInfoMapper.swift */,
				A64CFE592D31565000D1C77B /* WeatherInfo.swift */,
				A66A1DCC2D2FF4F60040E79A /* GetWeatherInfoResponse.swift */,
				A66A1DCA2D2FF4460040E79A /* WeatherInfoViewModel.swift */,
				A66A1DC42D2FF4070040E79A /* APIClient */,
				A66A1DBE2D2FE6640040E79A /* WeatherInfoView.swift */,
				A66A1DB52D2FE65D0040E79A /* Preview Content */,
				A66A1DB62D2FE65D0040E79A /* Assets.xcassets */,
				A66A1DB82D2FE65D0040E79A /* WeatherAppApp.swift */,
			);
			path = WeatherApp;
			sourceTree = "<group>";
		};
		A66A1DC42D2FF4070040E79A /* APIClient */ = {
			isa = PBXGroup;
			children = (
				A66A1DC22D2FF4070040E79A /* Service.swift */,
				A66A1DC32D2FF4070040E79A /* Request.swift */,
			);
			path = APIClient;
			sourceTree = "<group>";
		};
/* End PBXGroup section */

/* Begin PBXNativeTarget section */
		A66A1DA22D2FE0E30040E79A /* WeatherApp */ = {
			isa = PBXNativeTarget;
			buildConfigurationList = A66A1DB12D2FE0E40040E79A /* Build configuration list for PBXNativeTarget "WeatherApp" */;
			buildPhases = (
				A66A1D9F2D2FE0E30040E79A /* Sources */,
				A66A1DA02D2FE0E30040E79A /* Frameworks */,
				A66A1DA12D2FE0E30040E79A /* Resources */,
			);
			buildRules = (
			);
			dependencies = (
			);
			name = WeatherApp;
			packageProductDependencies = (
			);
			productName = WeatherApp;
			productReference = A66A1DA32D2FE0E30040E79A /* WeatherApp.app */;
			productType = "com.apple.product-type.application";
		};
/* End PBXNativeTarget section */

/* Begin PBXProject section */
		A66A1D9B2D2FE0E30040E79A /* Project object */ = {
			isa = PBXProject;
			attributes = {
				BuildIndependentTargetsInParallel = 1;
				LastSwiftUpdateCheck = 1610;
				LastUpgradeCheck = 1610;
				TargetAttributes = {
					A66A1DA22D2FE0E30040E79A = {
						CreatedOnToolsVersion = 16.1;
					};
				};
			};
			buildConfigurationList = A66A1D9E2D2FE0E30040E79A /* Build configuration list for PBXProject "WeatherApp" */;
			developmentRegion = en;
			hasScannedForEncodings = 0;
			knownRegions = (
				en,
				Base,
			);
			mainGroup = A66A1D9A2D2FE0E30040E79A;
			minimizedProjectReferenceProxies = 1;
			preferredProjectObjectVersion = 77;
			productRefGroup = A66A1DA42D2FE0E30040E79A /* Products */;
			projectDirPath = "";
			projectRoot = "";
			targets = (
				A66A1DA22D2FE0E30040E79A /* WeatherApp */,
			);
		};
/* End PBXProject section */

/* Begin PBXResourcesBuildPhase section */
		A66A1DA12D2FE0E30040E79A /* Resources */ = {
			isa = PBXResourcesBuildPhase;
			buildActionMask = 2147483647;
			files = (
				A66A1DBA2D2FE65D0040E79A /* Preview Assets.xcassets in Resources */,
				A66A1DBB2D2FE65D0040E79A /* Assets.xcassets in Resources */,
			);
			runOnlyForDeploymentPostprocessing = 0;
		};
/* End PBXResourcesBuildPhase section */

/* Begin PBXSourcesBuildPhase section */
		A66A1D9F2D2FE0E30040E79A /* Sources */ = {
			isa = PBXSourcesBuildPhase;
			buildActionMask = 2147483647;
			files = (
				A64CFE5A2D31565100D1C77B /* WeatherInfo.swift in Sources */,
				A64CFE5C2D31566800D1C77B /* WeatherInfoMapper.swift in Sources */,
				A66A1DCB2D2FF44C0040E79A /* WeatherInfoViewModel.swift in Sources */,
				A66A1DCD2D2FF4F70040E79A /* GetWeatherInfoResponse.swift in Sources */,
				A64CFE5F2D3156AE00D1C77B /* Constants.swift in Sources */,
				A66A1DBD2D2FE65D0040E79A /* WeatherAppApp.swift in Sources */,
				A66A1DC52D2FF4070040E79A /* Request.swift in Sources */,
				A66A1DC62D2FF4070040E79A /* Service.swift in Sources */,
				A66A1DBF2D2FE6670040E79A /* WeatherInfoView.swift in Sources */,
			);
			runOnlyForDeploymentPostprocessing = 0;
		};
/* End PBXSourcesBuildPhase section */

/* Begin XCBuildConfiguration section */
		A66A1DAF2D2FE0E40040E79A /* Debug */ = {
			isa = XCBuildConfiguration;
			buildSettings = {
				ALWAYS_SEARCH_USER_PATHS = NO;
				ASSETCATALOG_COMPILER_GENERATE_SWIFT_ASSET_SYMBOL_EXTENSIONS = YES;
				CLANG_ANALYZER_NONNULL = YES;
				CLANG_ANALYZER_NUMBER_OBJECT_CONVERSION = YES_AGGRESSIVE;
				CLANG_CXX_LANGUAGE_STANDARD = "gnu++20";
				CLANG_ENABLE_MODULES = YES;
				CLANG_ENABLE_OBJC_ARC = YES;
				CLANG_ENABLE_OBJC_WEAK = YES;
				CLANG_WARN_BLOCK_CAPTURE_AUTORELEASING = YES;
				CLANG_WARN_BOOL_CONVERSION = YES;
				CLANG_WARN_COMMA = YES;
				CLANG_WARN_CONSTANT_CONVERSION = YES;
				CLANG_WARN_DEPRECATED_OBJC_IMPLEMENTATIONS = YES;
				CLANG_WARN_DIRECT_OBJC_ISA_USAGE = YES_ERROR;
				CLANG_WARN_DOCUMENTATION_COMMENTS = YES;
				CLANG_WARN_EMPTY_BODY = YES;
				CLANG_WARN_ENUM_CONVERSION = YES;
				CLANG_WARN_INFINITE_RECURSION = YES;
				CLANG_WARN_INT_CONVERSION = YES;
				CLANG_WARN_NON_LITERAL_NULL_CONVERSION = YES;
				CLANG_WARN_OBJC_IMPLICIT_RETAIN_SELF = YES;
				CLANG_WARN_OBJC_LITERAL_CONVERSION = YES;
				CLANG_WARN_OBJC_ROOT_CLASS = YES_ERROR;
				CLANG_WARN_QUOTED_INCLUDE_IN_FRAMEWORK_HEADER = YES;
				CLANG_WARN_RANGE_LOOP_ANALYSIS = YES;
				CLANG_WARN_STRICT_PROTOTYPES = YES;
				CLANG_WARN_SUSPICIOUS_MOVE = YES;
				CLANG_WARN_UNGUARDED_AVAILABILITY = YES_AGGRESSIVE;
				CLANG_WARN_UNREACHABLE_CODE = YES;
				CLANG_WARN__DUPLICATE_METHOD_MATCH = YES;
				COPY_PHASE_STRIP = NO;
				DEBUG_INFORMATION_FORMAT = dwarf;
				ENABLE_STRICT_OBJC_MSGSEND = YES;
				ENABLE_TESTABILITY = YES;
				ENABLE_USER_SCRIPT_SANDBOXING = YES;
				GCC_C_LANGUAGE_STANDARD = gnu17;
				GCC_DYNAMIC_NO_PIC = NO;
				GCC_NO_COMMON_BLOCKS = YES;
				GCC_OPTIMIZATION_LEVEL = 0;
				GCC_PREPROCESSOR_DEFINITIONS = (
					"DEBUG=1",
					"$(inherited)",
				);
				GCC_WARN_64_TO_32_BIT_CONVERSION = YES;
				GCC_WARN_ABOUT_RETURN_TYPE = YES_ERROR;
				GCC_WARN_UNDECLARED_SELECTOR = YES;
				GCC_WARN_UNINITIALIZED_AUTOS = YES_AGGRESSIVE;
				GCC_WARN_UNUSED_FUNCTION = YES;
				GCC_WARN_UNUSED_VARIABLE = YES;
				IPHONEOS_DEPLOYMENT_TARGET = 18.1;
				LOCALIZATION_PREFERS_STRING_CATALOGS = YES;
				MTL_ENABLE_DEBUG_INFO = INCLUDE_SOURCE;
				MTL_FAST_MATH = YES;
				ONLY_ACTIVE_ARCH = YES;
				SDKROOT = iphoneos;
				SWIFT_ACTIVE_COMPILATION_CONDITIONS = "DEBUG $(inherited)";
				SWIFT_OPTIMIZATION_LEVEL = "-Onone";
			};
			name = Debug;
		};
		A66A1DB02D2FE0E40040E79A /* Release */ = {
			isa = XCBuildConfiguration;
			buildSettings = {
				ALWAYS_SEARCH_USER_PATHS = NO;
				ASSETCATALOG_COMPILER_GENERATE_SWIFT_ASSET_SYMBOL_EXTENSIONS = YES;
				CLANG_ANALYZER_NONNULL = YES;
				CLANG_ANALYZER_NUMBER_OBJECT_CONVERSION = YES_AGGRESSIVE;
				CLANG_CXX_LANGUAGE_STANDARD = "gnu++20";
				CLANG_ENABLE_MODULES = YES;
				CLANG_ENABLE_OBJC_ARC = YES;
				CLANG_ENABLE_OBJC_WEAK = YES;
				CLANG_WARN_BLOCK_CAPTURE_AUTORELEASING = YES;
				CLANG_WARN_BOOL_CONVERSION = YES;
				CLANG_WARN_COMMA = YES;
				CLANG_WARN_CONSTANT_CONVERSION = YES;
				CLANG_WARN_DEPRECATED_OBJC_IMPLEMENTATIONS = YES;
				CLANG_WARN_DIRECT_OBJC_ISA_USAGE = YES_ERROR;
				CLANG_WARN_DOCUMENTATION_COMMENTS = YES;
				CLANG_WARN_EMPTY_BODY = YES;
				CLANG_WARN_ENUM_CONVERSION = YES;
				CLANG_WARN_INFINITE_RECURSION = YES;
				CLANG_WARN_INT_CONVERSION = YES;
				CLANG_WARN_NON_LITERAL_NULL_CONVERSION = YES;
				CLANG_WARN_OBJC_IMPLICIT_RETAIN_SELF = YES;
				CLANG_WARN_OBJC_LITERAL_CONVERSION = YES;
				CLANG_WARN_OBJC_ROOT_CLASS = YES_ERROR;
				CLANG_WARN_QUOTED_INCLUDE_IN_FRAMEWORK_HEADER = YES;
				CLANG_WARN_RANGE_LOOP_ANALYSIS = YES;
				CLANG_WARN_STRICT_PROTOTYPES = YES;
				CLANG_WARN_SUSPICIOUS_MOVE = YES;
				CLANG_WARN_UNGUARDED_AVAILABILITY = YES_AGGRESSIVE;
				CLANG_WARN_UNREACHABLE_CODE = YES;
				CLANG_WARN__DUPLICATE_METHOD_MATCH = YES;
				COPY_PHASE_STRIP = NO;
				DEBUG_INFORMATION_FORMAT = "dwarf-with-dsym";
				ENABLE_NS_ASSERTIONS = NO;
				ENABLE_STRICT_OBJC_MSGSEND = YES;
				ENABLE_USER_SCRIPT_SANDBOXING = YES;
				GCC_C_LANGUAGE_STANDARD = gnu17;
				GCC_NO_COMMON_BLOCKS = YES;
				GCC_WARN_64_TO_32_BIT_CONVERSION = YES;
				GCC_WARN_ABOUT_RETURN_TYPE = YES_ERROR;
				GCC_WARN_UNDECLARED_SELECTOR = YES;
				GCC_WARN_UNINITIALIZED_AUTOS = YES_AGGRESSIVE;
				GCC_WARN_UNUSED_FUNCTION = YES;
				GCC_WARN_UNUSED_VARIABLE = YES;
				IPHONEOS_DEPLOYMENT_TARGET = 18.1;
				LOCALIZATION_PREFERS_STRING_CATALOGS = YES;
				MTL_ENABLE_DEBUG_INFO = NO;
				MTL_FAST_MATH = YES;
				SDKROOT = iphoneos;
				SWIFT_COMPILATION_MODE = wholemodule;
				VALIDATE_PRODUCT = YES;
			};
			name = Release;
		};
		A66A1DB22D2FE0E40040E79A /* Debug */ = {
			isa = XCBuildConfiguration;
			buildSettings = {
				ASSETCATALOG_COMPILER_APPICON_NAME = AppIcon;
				ASSETCATALOG_COMPILER_GLOBAL_ACCENT_COLOR_NAME = AccentColor;
				CODE_SIGN_STYLE = Automatic;
				CURRENT_PROJECT_VERSION = 1;
				DEVELOPMENT_ASSET_PATHS = "\"WeatherApp/Preview Content\"";
				ENABLE_PREVIEWS = YES;
				GENERATE_INFOPLIST_FILE = YES;
				INFOPLIST_KEY_UIApplicationSceneManifest_Generation = YES;
				INFOPLIST_KEY_UIApplicationSupportsIndirectInputEvents = YES;
				INFOPLIST_KEY_UILaunchScreen_Generation = YES;
				INFOPLIST_KEY_UISupportedInterfaceOrientations_iPad = "UIInterfaceOrientationPortrait UIInterfaceOrientationPortraitUpsideDown UIInterfaceOrientationLandscapeLeft UIInterfaceOrientationLandscapeRight";
				INFOPLIST_KEY_UISupportedInterfaceOrientations_iPhone = "UIInterfaceOrientationPortrait UIInterfaceOrientationLandscapeLeft UIInterfaceOrientationLandscapeRight";
				LD_RUNPATH_SEARCH_PATHS = (
					"$(inherited)",
					"@executable_path/Frameworks",
				);
				MARKETING_VERSION = 1.0;
				PRODUCT_BUNDLE_IDENTIFIER = com.simondv.WeatherApp;
				PRODUCT_NAME = "$(TARGET_NAME)";
				SWIFT_EMIT_LOC_STRINGS = YES;
				SWIFT_VERSION = 5.0;
				TARGETED_DEVICE_FAMILY = "1,2";
			};
			name = Debug;
		};
		A66A1DB32D2FE0E40040E79A /* Release */ = {
			isa = XCBuildConfiguration;
			buildSettings = {
				ASSETCATALOG_COMPILER_APPICON_NAME = AppIcon;
				ASSETCATALOG_COMPILER_GLOBAL_ACCENT_COLOR_NAME = AccentColor;
				CODE_SIGN_STYLE = Automatic;
				CURRENT_PROJECT_VERSION = 1;
				DEVELOPMENT_ASSET_PATHS = "\"WeatherApp/Preview Content\"";
				ENABLE_PREVIEWS = YES;
				GENERATE_INFOPLIST_FILE = YES;
				INFOPLIST_KEY_UIApplicationSceneManifest_Generation = YES;
				INFOPLIST_KEY_UIApplicationSupportsIndirectInputEvents = YES;
				INFOPLIST_KEY_UILaunchScreen_Generation = YES;
				INFOPLIST_KEY_UISupportedInterfaceOrientations_iPad = "UIInterfaceOrientationPortrait UIInterfaceOrientationPortraitUpsideDown UIInterfaceOrientationLandscapeLeft UIInterfaceOrientationLandscapeRight";
				INFOPLIST_KEY_UISupportedInterfaceOrientations_iPhone = "UIInterfaceOrientationPortrait UIInterfaceOrientationLandscapeLeft UIInterfaceOrientationLandscapeRight";
				LD_RUNPATH_SEARCH_PATHS = (
					"$(inherited)",
					"@executable_path/Frameworks",
				);
				MARKETING_VERSION = 1.0;
				PRODUCT_BUNDLE_IDENTIFIER = com.simondv.WeatherApp;
				PRODUCT_NAME = "$(TARGET_NAME)";
				SWIFT_EMIT_LOC_STRINGS = YES;
				SWIFT_VERSION = 5.0;
				TARGETED_DEVICE_FAMILY = "1,2";
			};
			name = Release;
		};
/* End XCBuildConfiguration section */

/* Begin XCConfigurationList section */
		A66A1D9E2D2FE0E30040E79A /* Build configuration list for PBXProject "WeatherApp" */ = {
			isa = XCConfigurationList;
			buildConfigurations = (
				A66A1DAF2D2FE0E40040E79A /* Debug */,
				A66A1DB02D2FE0E40040E79A /* Release */,
			);
			defaultConfigurationIsVisible = 0;
			defaultConfigurationName = Release;
		};
		A66A1DB12D2FE0E40040E79A /* Build configuration list for PBXNativeTarget "WeatherApp" */ = {
			isa = XCConfigurationList;
			buildConfigurations = (
				A66A1DB22D2FE0E40040E79A /* Debug */,
				A66A1DB32D2FE0E40040E79A /* Release */,
			);
			defaultConfigurationIsVisible = 0;
			defaultConfigurationName = Release;
		};
/* End XCConfigurationList section */
	};
	rootObject = A66A1D9B2D2FE0E30040E79A /* Project object */;
}
